<Solution>
  <Project Path="Signal.Core.Economy.csproj" />
  <Project Path="Signal.Core.Entities.csproj" />
  <Project Path="Signal.Core.Building.csproj" />
  <Project Path="Signal.Core.Gameplay.csproj" />
  <Project Path="Signal.Core.World.csproj" />
  <Project Path="Assembly-CSharp.csproj" />
  <Project Path="Signal.Core.Player.csproj" />
</Solution>
